<?xml version="1.0" encoding="utf-8"?>
<Project ToolsVersion="4.0" xmlns="http://schemas.microsoft.com/developer/msbuild/2003">
  <ItemGroup>
    <Filter Include="소스 파일">
      <UniqueIdentifier>{4FC737F1-C7A5-4376-A066-2A32D752A2FF}</UniqueIdentifier>
      <Extensions>cpp;c;cc;cxx;c++;cppm;ixx;def;odl;idl;hpj;bat;asm;asmx</Extensions>
    </Filter>
    <Filter Include="헤더 파일">
      <UniqueIdentifier>{93995380-89BD-4b04-88EB-625FBE52EBFB}</UniqueIdentifier>
      <Extensions>h;hh;hpp;hxx;h++;hm;inl;inc;ipp;xsd</Extensions>
    </Filter>
    <Filter Include="리소스 파일">
      <UniqueIdentifier>{67DA6AB6-F800-4c08-8B7A-83BB121AAD01}</UniqueIdentifier>
      <Extensions>rc;ico;cur;bmp;dlg;rc2;rct;bin;rgs;gif;jpg;jpeg;jpe;resx;tiff;tif;png;wav;mfcribbon-ms</Extensions>
    </Filter>
    <Filter Include="Instant Massenger">
      <UniqueIdentifier>{b88397c1-e677-4efa-8e6a-cdea6aa9c4e0}</UniqueIdentifier>
    </Filter>
    <Filter Include="Instant Massenger\Client">
      <UniqueIdentifier>{625a4110-1fd1-4c58-9903-077b6ac8d75d}</UniqueIdentifier>
    </Filter>
    <Filter Include="Instant Massenger\Server">
      <UniqueIdentifier>{012aa62f-9def-48ff-938a-0559f251b604}</UniqueIdentifier>
    </Filter>
  </ItemGroup>
  <ItemGroup>
    <Text Include="CMakeLists.txt">
      <Filter>Instant Massenger</Filter>
    </Text>
    <Text Include="Client\CMakeLists.txt">
      <Filter>Instant Massenger\Client</Filter>
    </Text>
    <Text Include="Sever\CMakeLists.txt">
      <Filter>Instant Massenger\Server</Filter>
    </Text>
  </ItemGroup>
  <ItemGroup>
    <ClCompile Include="Client\Client.cpp">
      <Filter>Instant Massenger\Client</Filter>
    </ClCompile>
    <ClCompile Include="Sever\Sever.cpp">
      <Filter>Instant Massenger\Server</Filter>
    </ClCompile>
  </ItemGroup>
</Project>